
Microsoft Visual Studio Solution File, Format Version 12.00
# Visual Studio Version 17
VisualStudioVersion = 17.8.34511.84
MinimumVisualStudioVersion = 10.0.40219.1
Project("{8BC9CEB8-8B4A-11D0-8D11-00A0C91BC942}") = "LT3", "LT3.vcxproj", "{88BB0F53-8F21-4888-B741-D18FAB31C077}"
EndProject
Global
	GlobalSection(SolutionConfigurationPlatforms) = preSolution
		Debug|x64 = Debug|x64
		Debug|x86 = Debug|x86
		Release|x64 = Release|x64
		Release|x86 = Release|x86
	EndGlobalSection
	GlobalSection(ProjectConfigurationPlatforms) = postSolution
		{88BB0F53-8F21-4888-B741-D18FAB31C077}.Debug|x64.ActiveCfg = Debug|x64
		{88BB0F53-8F21-4888-B741-D18FAB31C077}.Debug|x64.Build.0 = Debug|x64
		{88BB0F53-8F21-4888-B741-D18FAB31C077}.Debug|x86.ActiveCfg = Debug|Win32
		{88BB0F53-8F21-4888-B741-D18FAB31C077}.Debug|x86.Build.0 = Debug|Win32
		{88BB0F53-8F21-4888-B741-D18FAB31C077}.Release|x64.ActiveCfg = Release|x64
		{88BB0F53-8F21-4888-B741-D18FAB31C077}.Release|x64.Build.0 = Release|x64
		{88BB0F53-8F21-4888-B741-D18FAB31C077}.Release|x86.ActiveCfg = Release|Win32
		{88BB0F53-8F21-4888-B741-D18FAB31C077}.Release|x86.Build.0 = Release|Win32
	EndGlobalSection
	GlobalSection(SolutionProperties) = preSolution
		HideSolutionNode = FALSE
	EndGlobalSection
	GlobalSection(ExtensibilityGlobals) = postSolution
		SolutionGuid = {75EF64CD-870E-4ED2-9E39-60B11448F982}
	EndGlobalSection
EndGlobal
